<?xml version="1.0" encoding="utf-8"?>
<Project ToolsVersion="4.0" xmlns="http://schemas.microsoft.com/developer/msbuild/2003">
  <ItemGroup>
    <ClCompile Include="action\Action.cpp" />
    <ClCompile Include="action\MoveTo.cpp" />
    <ClCompile Include="heuristic\EvaluationWeight.cpp" />
    <ClCompile Include="heuristic\Heuristic.cpp" />
    <ClCompile Include="model\ChessBoard.cpp" />
    <ClCompile Include="model\ChessLinear.cpp" />
    <ClCompile Include="model\ChessMan.cpp" />
    <ClCompile Include="model\ChessMen.cpp" />
    <ClCompile Include="model\Coordinater.cpp" />
    <ClCompile Include="model\State.cpp" />
    <ClCompile Include="solution\4InLine.cpp" />
    <ClCompile Include="solution\Minimax.cpp" />
    <ClCompile Include="solution\Timer.cpp" />
  </ItemGroup>
  <ItemGroup>
    <ClInclude Include="action\Action.h" />
    <ClInclude Include="action\MoveTo.h" />
    <ClInclude Include="heuristic\EvaluationWeight.h" />
    <ClInclude Include="heuristic\Heuristic.h" />
    <ClInclude Include="model\ChessBoard.h" />
    <ClInclude Include="model\ChessLinear.h" />
    <ClInclude Include="model\ChessMan.h" />
    <ClInclude Include="model\ChessMen.h" />
    <ClInclude Include="model\Coordinater.h" />
    <ClInclude Include="model\State.h" />
    <ClInclude Include="resource.h" />
    <ClInclude Include="solution\Minimax.h" />
    <ClInclude Include="solution\Timer.h" />
  </ItemGroup>
  <ItemGroup>
    <ResourceCompile Include="Resource.rc" />
  </ItemGroup>
</Project>